
Microsoft Visual Studio Solution File, Format Version 12.00
# Visual Studio Version 17
VisualStudioVersion = 17.4.33103.184
MinimumVisualStudioVersion = 10.0.40219.1
Project("{9A19103F-16F7-4668-BE54-9A1E7A4F7556}") = "StandConsoleInjector", "StandConsoleInjector\StandConsoleInjector.csproj", "{FBF61C20-2C71-4817-A48B-3B6B74D5F0E5}"
EndProject
Global
	GlobalSection(SolutionConfigurationPlatforms) = preSolution
		Debug|Any CPU = Debug|Any CPU
		Debug|x64 = Debug|x64
		Release|Any CPU = Release|Any CPU
		Release|x64 = Release|x64
	EndGlobalSection
	GlobalSection(ProjectConfigurationPlatforms) = postSolution
		{FBF61C20-2C71-4817-A48B-3B6B74D5F0E5}.Debug|Any CPU.ActiveCfg = Debug|Any CPU
		{FBF61C20-2C71-4817-A48B-3B6B74D5F0E5}.Debug|Any CPU.Build.0 = Debug|Any CPU
		{FBF61C20-2C71-4817-A48B-3B6B74D5F0E5}.Debug|x64.ActiveCfg = Debug|x64
		{FBF61C20-2C71-4817-A48B-3B6B74D5F0E5}.Debug|x64.Build.0 = Debug|x64
		{FBF61C20-2C71-4817-A48B-3B6B74D5F0E5}.Release|Any CPU.ActiveCfg = Release|Any CPU
		{FBF61C20-2C71-4817-A48B-3B6B74D5F0E5}.Release|Any CPU.Build.0 = Release|Any CPU
		{FBF61C20-2C71-4817-A48B-3B6B74D5F0E5}.Release|x64.ActiveCfg = Release|x64
		{FBF61C20-2C71-4817-A48B-3B6B74D5F0E5}.Release|x64.Build.0 = Release|x64
	EndGlobalSection
	GlobalSection(SolutionProperties) = preSolution
		HideSolutionNode = FALSE
	EndGlobalSection
	GlobalSection(ExtensibilityGlobals) = postSolution
		SolutionGuid = {FC4E596D-E3D2-44F0-BEC0-AA2D435A658E}
	EndGlobalSection
EndGlobal
